Microsoft Visual Studio Solution File, Format Version 12.00
# Visual Studio Version 17
VisualStudioVersion = 17.5.2.0
MinimumVisualStudioVersion = 10.0.40219.1
Project("{FAE04EC0-301F-11D3-BF4B-00C04F79EFBC}") = "SentimentAnalysisAITest", "SentimentAnalysisAITest.csproj", "{FA17DC66-A74A-98B4-B019-97BE10DE2607}"
EndProject
Global
	GlobalSection(SolutionConfigurationPlatforms) = preSolution
		Debug|Any CPU = Debug|Any CPU
		Release|Any CPU = Release|Any CPU
	EndGlobalSection
	GlobalSection(ProjectConfigurationPlatforms) = postSolution
		{FA17DC66-A74A-98B4-B019-97BE10DE2607}.Debug|Any CPU.ActiveCfg = Debug|Any CPU
		{FA17DC66-A74A-98B4-B019-97BE10DE2607}.Debug|Any CPU.Build.0 = Debug|Any CPU
		{FA17DC66-A74A-98B4-B019-97BE10DE2607}.Release|Any CPU.ActiveCfg = Release|Any CPU
		{FA17DC66-A74A-98B4-B019-97BE10DE2607}.Release|Any CPU.Build.0 = Release|Any CPU
	EndGlobalSection
	GlobalSection(SolutionProperties) = preSolution
		HideSolutionNode = FALSE
	EndGlobalSection
	GlobalSection(ExtensibilityGlobals) = postSolution
		SolutionGuid = {11C1ED8A-168D-4256-B063-691FA8E0E543}
	EndGlobalSection
EndGlobal
